
Microsoft Visual Studio Solution File, Format Version 12.00
# Visual Studio 2013
VisualStudioVersion = 12.0.40629.0
MinimumVisualStudioVersion = 10.0.40219.1
Project("{FAE04EC0-301F-11D3-BF4B-00C04F79EFBC}") = "Model", "Model\Model.csproj", "{3E62FF48-E6FE-4C97-89E7-A2B31A753C5F}"
EndProject
Project("{FAE04EC0-301F-11D3-BF4B-00C04F79EFBC}") = "WFA", "WFA\WFA.csproj", "{A8E06C5A-7BEB-4DF4-B565-3D9780F6F234}"
EndProject
Global
	GlobalSection(SolutionConfigurationPlatforms) = preSolution
		Debug|Any CPU = Debug|Any CPU
		Release|Any CPU = Release|Any CPU
	EndGlobalSection
	GlobalSection(ProjectConfigurationPlatforms) = postSolution
		{3E62FF48-E6FE-4C97-89E7-A2B31A753C5F}.Debug|Any CPU.ActiveCfg = Debug|Any CPU
		{3E62FF48-E6FE-4C97-89E7-A2B31A753C5F}.Debug|Any CPU.Build.0 = Debug|Any CPU
		{3E62FF48-E6FE-4C97-89E7-A2B31A753C5F}.Release|Any CPU.ActiveCfg = Release|Any CPU
		{3E62FF48-E6FE-4C97-89E7-A2B31A753C5F}.Release|Any CPU.Build.0 = Release|Any CPU
		{A8E06C5A-7BEB-4DF4-B565-3D9780F6F234}.Debug|Any CPU.ActiveCfg = Debug|Any CPU
		{A8E06C5A-7BEB-4DF4-B565-3D9780F6F234}.Debug|Any CPU.Build.0 = Debug|Any CPU
		{A8E06C5A-7BEB-4DF4-B565-3D9780F6F234}.Release|Any CPU.ActiveCfg = Release|Any CPU
		{A8E06C5A-7BEB-4DF4-B565-3D9780F6F234}.Release|Any CPU.Build.0 = Release|Any CPU
	EndGlobalSection
	GlobalSection(SolutionProperties) = preSolution
		HideSolutionNode = FALSE
	EndGlobalSection
EndGlobal
